
Microsoft Visual Studio Solution File, Format Version 12.00
# Visual Studio Version 16
VisualStudioVersion = 16.0.30717.126
MinimumVisualStudioVersion = 10.0.40219.1
Project("{FAE04EC0-301F-11D3-BF4B-00C04F79EFBC}") = "Recursivity", "Recursivity\Recursivity.csproj", "{47268FE5-48E6-461E-9E6F-8D6CF8604AA3}"
EndProject
Global
	GlobalSection(SolutionConfigurationPlatforms) = preSolution
		Debug|Any CPU = Debug|Any CPU
		Release|Any CPU = Release|Any CPU
	EndGlobalSection
	GlobalSection(ProjectConfigurationPlatforms) = postSolution
		{47268FE5-48E6-461E-9E6F-8D6CF8604AA3}.Debug|Any CPU.ActiveCfg = Debug|Any CPU
		{47268FE5-48E6-461E-9E6F-8D6CF8604AA3}.Debug|Any CPU.Build.0 = Debug|Any CPU
		{47268FE5-48E6-461E-9E6F-8D6CF8604AA3}.Release|Any CPU.ActiveCfg = Release|Any CPU
		{47268FE5-48E6-461E-9E6F-8D6CF8604AA3}.Release|Any CPU.Build.0 = Release|Any CPU
	EndGlobalSection
	GlobalSection(SolutionProperties) = preSolution
		HideSolutionNode = FALSE
	EndGlobalSection
	GlobalSection(ExtensibilityGlobals) = postSolution
		SolutionGuid = {C8BE3049-A135-48A5-B3E9-ED2A3DDDBB3B}
	EndGlobalSection
EndGlobal
